# THIS IS AN AUTOGENERATED FILE. DO NOT EDIT THIS FILE DIRECTLY.
# yarn lockfile v1


"@irumvanselme/submithandler@^1.0.4":
  version "1.0.4"
  resolved "https://registry.yarnpkg.com/@irumvanselme/submithandler/-/submithandler-1.0.4.tgz#bb987b4c6ad8dd943f84a645b3b7f3adca571819"
  integrity sha512-YCkFBnuMTMMJx/soh+UOAGoeysXagtpgomS88VvWL7PFZBC0zLT25W9GFUR5sJLz1iYq0pu2cNuYoBWT47pHZA==
